
Microsoft Visual Studio Solution File, Format Version 12.00
# Visual Studio Version 17
VisualStudioVersion = 17.1.32328.378
MinimumVisualStudioVersion = 10.0.40219.1
Project("{FAE04EC0-301F-11D3-BF4B-00C04F79EFBC}") = "readAPI", "readAPI\readAPI.csproj", "{0FE7E938-024C-41BA-B91B-DFFEAA21878C}"
EndProject
Global
	GlobalSection(SolutionConfigurationPlatforms) = preSolution
		Debug|Any CPU = Debug|Any CPU
		Release|Any CPU = Release|Any CPU
	EndGlobalSection
	GlobalSection(ProjectConfigurationPlatforms) = postSolution
		{0FE7E938-024C-41BA-B91B-DFFEAA21878C}.Debug|Any CPU.ActiveCfg = Debug|Any CPU
		{0FE7E938-024C-41BA-B91B-DFFEAA21878C}.Debug|Any CPU.Build.0 = Debug|Any CPU
		{0FE7E938-024C-41BA-B91B-DFFEAA21878C}.Release|Any CPU.ActiveCfg = Release|Any CPU
		{0FE7E938-024C-41BA-B91B-DFFEAA21878C}.Release|Any CPU.Build.0 = Release|Any CPU
	EndGlobalSection
	GlobalSection(SolutionProperties) = preSolution
		HideSolutionNode = FALSE
	EndGlobalSection
	GlobalSection(ExtensibilityGlobals) = postSolution
		SolutionGuid = {F810A87A-4340-4C45-ACA7-230E31EB3096}
	EndGlobalSection
EndGlobal
